
Microsoft Visual Studio Solution File, Format Version 12.00
# Visual Studio Version 17
VisualStudioVersion = 17.6.33829.357
MinimumVisualStudioVersion = 10.0.40219.1
Project("{FAE04EC0-301F-11D3-BF4B-00C04F79EFBC}") = "Yousef-aghazadeh", "Yousef-aghazadeh\Yousef-aghazadeh.csproj", "{98DF75D7-4494-42E4-B736-2FFAA7A64335}"
EndProject
Global
	GlobalSection(SolutionConfigurationPlatforms) = preSolution
		Debug|Any CPU = Debug|Any CPU
		Release|Any CPU = Release|Any CPU
	EndGlobalSection
	GlobalSection(ProjectConfigurationPlatforms) = postSolution
		{98DF75D7-4494-42E4-B736-2FFAA7A64335}.Debug|Any CPU.ActiveCfg = Debug|Any CPU
		{98DF75D7-4494-42E4-B736-2FFAA7A64335}.Debug|Any CPU.Build.0 = Debug|Any CPU
		{98DF75D7-4494-42E4-B736-2FFAA7A64335}.Release|Any CPU.ActiveCfg = Release|Any CPU
		{98DF75D7-4494-42E4-B736-2FFAA7A64335}.Release|Any CPU.Build.0 = Release|Any CPU
	EndGlobalSection
	GlobalSection(SolutionProperties) = preSolution
		HideSolutionNode = FALSE
	EndGlobalSection
	GlobalSection(ExtensibilityGlobals) = postSolution
		SolutionGuid = {6F704774-7267-4110-9FCB-F3BE65CF80FD}
	EndGlobalSection
EndGlobal
